
Microsoft Visual Studio Solution File, Format Version 12.00
# Visual Studio Version 17
VisualStudioVersion = 17.9.34728.123
MinimumVisualStudioVersion = 10.0.40219.1
Project("{FAE04EC0-301F-11D3-BF4B-00C04F79EFBC}") = "Daily_Report", "Daily_Report\Daily_Report.csproj", "{5362D97B-31F3-4832-9F79-3F8CAB02E7FC}"
EndProject
Global
	GlobalSection(SolutionConfigurationPlatforms) = preSolution
		Debug|Any CPU = Debug|Any CPU
		Release|Any CPU = Release|Any CPU
	EndGlobalSection
	GlobalSection(ProjectConfigurationPlatforms) = postSolution
		{5362D97B-31F3-4832-9F79-3F8CAB02E7FC}.Debug|Any CPU.ActiveCfg = Debug|Any CPU
		{5362D97B-31F3-4832-9F79-3F8CAB02E7FC}.Debug|Any CPU.Build.0 = Debug|Any CPU
		{5362D97B-31F3-4832-9F79-3F8CAB02E7FC}.Release|Any CPU.ActiveCfg = Release|Any CPU
		{5362D97B-31F3-4832-9F79-3F8CAB02E7FC}.Release|Any CPU.Build.0 = Release|Any CPU
	EndGlobalSection
	GlobalSection(SolutionProperties) = preSolution
		HideSolutionNode = FALSE
	EndGlobalSection
	GlobalSection(ExtensibilityGlobals) = postSolution
		SolutionGuid = {111090E6-7876-4795-BBA7-567D0FCF50B2}
	EndGlobalSection
EndGlobal
